<Solution>
  <Project Path="GatheredMagic.Tests/GatheredMagic.Tests.csproj" />
  <Project Path="HiddenGemBLL/HiddenGemBLL.csproj" />
  <Project Path="HiddenGemShared/HiddenGemShared.csproj" />
  <Project Path="HiddenGemDAL/HiddenGemDAL.csproj" />
  <Project Path="HiddenGemMVC/HiddenGemMVC.csproj" />
</Solution>
